
Microsoft Visual Studio Solution File, Format Version 12.00
# Visual Studio Version 17
VisualStudioVersion = 17.0.31903.59
MinimumVisualStudioVersion = 10.0.40219.1
Project("{2150E333-8FDC-42A3-9474-1A3956D46DE8}") = "src", "src", "{827E0CD3-B72D-47B6-A68D-7590B98EB39B}"
EndProject
Project("{FAE04EC0-301F-11D3-BF4B-00C04F79EFBC}") = "Marap.Pulse.Domain", "src\Marap.Pulse.Domain\Marap.Pulse.Domain.csproj", "{CE2F8471-0ECB-4209-B33B-37609D91A77D}"
EndProject
Project("{2150E333-8FDC-42A3-9474-1A3956D46DE8}") = "tests", "tests", "{0AB3BF05-4346-4AA6-1389-037BE0695223}"
EndProject
Project("{FAE04EC0-301F-11D3-BF4B-00C04F79EFBC}") = "Marap.Pulse.Domain.Tests", "tests\Marap.Pulse.Domain.Tests\Marap.Pulse.Domain.Tests.csproj", "{104544AF-7902-4B9C-9499-8B32BAE8456B}"
EndProject
Project("{FAE04EC0-301F-11D3-BF4B-00C04F79EFBC}") = "Marap.Pulse.Infrastructure", "src\Marap.Pulse.Infrastructure\Marap.Pulse.Infrastructure.csproj", "{56546967-616C-4176-9B21-7EBDE0637B71}"
EndProject
Project("{FAE04EC0-301F-11D3-BF4B-00C04F79EFBC}") = "Marap.Pulse.Bootstrap", "src\Marap.Pulse.Bootstrap\Marap.Pulse.Bootstrap.csproj", "{D47651F5-9B35-4A74-AE5D-06A686AB35E4}"
EndProject
Project("{FAE04EC0-301F-11D3-BF4B-00C04F79EFBC}") = "Marap.Pulse.Application", "src\Marap.Pulse.Application\Marap.Pulse.Application.csproj", "{D088B869-EF78-4A83-A7C3-A85B3CEDBA2F}"
EndProject
Project("{FAE04EC0-301F-11D3-BF4B-00C04F79EFBC}") = "Marap.Pulse.Api", "src\Marap.Pulse.Api\Marap.Pulse.Api.csproj", "{F66F733F-0E86-4134-8B7C-0787FCB11526}"
EndProject
Project("{FAE04EC0-301F-11D3-BF4B-00C04F79EFBC}") = "Marap.Pulse.Application.Tests", "tests\Marap.Pulse.Application.Tests\Marap.Pulse.Application.Tests.csproj", "{47C3991F-696B-489A-A64E-9814B5FB392E}"
EndProject
Project("{FAE04EC0-301F-11D3-BF4B-00C04F79EFBC}") = "TestHelpers", "tests\TestHelpers\TestHelpers.csproj", "{1E5720F8-52EB-4102-BD82-6D2A7694A731}"
EndProject
Global
	GlobalSection(SolutionConfigurationPlatforms) = preSolution
		Debug|Any CPU = Debug|Any CPU
		Debug|x64 = Debug|x64
		Debug|x86 = Debug|x86
		Release|Any CPU = Release|Any CPU
		Release|x64 = Release|x64
		Release|x86 = Release|x86
	EndGlobalSection
	GlobalSection(ProjectConfigurationPlatforms) = postSolution
		{CE2F8471-0ECB-4209-B33B-37609D91A77D}.Debug|Any CPU.ActiveCfg = Debug|Any CPU
		{CE2F8471-0ECB-4209-B33B-37609D91A77D}.Debug|Any CPU.Build.0 = Debug|Any CPU
		{CE2F8471-0ECB-4209-B33B-37609D91A77D}.Debug|x64.ActiveCfg = Debug|Any CPU
		{CE2F8471-0ECB-4209-B33B-37609D91A77D}.Debug|x64.Build.0 = Debug|Any CPU
		{CE2F8471-0ECB-4209-B33B-37609D91A77D}.Debug|x86.ActiveCfg = Debug|Any CPU
		{CE2F8471-0ECB-4209-B33B-37609D91A77D}.Debug|x86.Build.0 = Debug|Any CPU
		{CE2F8471-0ECB-4209-B33B-37609D91A77D}.Release|Any CPU.ActiveCfg = Release|Any CPU
		{CE2F8471-0ECB-4209-B33B-37609D91A77D}.Release|Any CPU.Build.0 = Release|Any CPU
		{CE2F8471-0ECB-4209-B33B-37609D91A77D}.Release|x64.ActiveCfg = Release|Any CPU
		{CE2F8471-0ECB-4209-B33B-37609D91A77D}.Release|x64.Build.0 = Release|Any CPU
		{CE2F8471-0ECB-4209-B33B-37609D91A77D}.Release|x86.ActiveCfg = Release|Any CPU
		{CE2F8471-0ECB-4209-B33B-37609D91A77D}.Release|x86.Build.0 = Release|Any CPU
		{104544AF-7902-4B9C-9499-8B32BAE8456B}.Debug|Any CPU.ActiveCfg = Debug|Any CPU
		{104544AF-7902-4B9C-9499-8B32BAE8456B}.Debug|Any CPU.Build.0 = Debug|Any CPU
		{104544AF-7902-4B9C-9499-8B32BAE8456B}.Debug|x64.ActiveCfg = Debug|Any CPU
		{104544AF-7902-4B9C-9499-8B32BAE8456B}.Debug|x64.Build.0 = Debug|Any CPU
		{104544AF-7902-4B9C-9499-8B32BAE8456B}.Debug|x86.ActiveCfg = Debug|Any CPU
		{104544AF-7902-4B9C-9499-8B32BAE8456B}.Debug|x86.Build.0 = Debug|Any CPU
		{104544AF-7902-4B9C-9499-8B32BAE8456B}.Release|Any CPU.ActiveCfg = Release|Any CPU
		{104544AF-7902-4B9C-9499-8B32BAE8456B}.Release|Any CPU.Build.0 = Release|Any CPU
		{104544AF-7902-4B9C-9499-8B32BAE8456B}.Release|x64.ActiveCfg = Release|Any CPU
		{104544AF-7902-4B9C-9499-8B32BAE8456B}.Release|x64.Build.0 = Release|Any CPU
		{104544AF-7902-4B9C-9499-8B32BAE8456B}.Release|x86.ActiveCfg = Release|Any CPU
		{104544AF-7902-4B9C-9499-8B32BAE8456B}.Release|x86.Build.0 = Release|Any CPU
		{56546967-616C-4176-9B21-7EBDE0637B71}.Debug|Any CPU.ActiveCfg = Debug|Any CPU
		{56546967-616C-4176-9B21-7EBDE0637B71}.Debug|Any CPU.Build.0 = Debug|Any CPU
		{56546967-616C-4176-9B21-7EBDE0637B71}.Debug|x64.ActiveCfg = Debug|Any CPU
		{56546967-616C-4176-9B21-7EBDE0637B71}.Debug|x64.Build.0 = Debug|Any CPU
		{56546967-616C-4176-9B21-7EBDE0637B71}.Debug|x86.ActiveCfg = Debug|Any CPU
		{56546967-616C-4176-9B21-7EBDE0637B71}.Debug|x86.Build.0 = Debug|Any CPU
		{56546967-616C-4176-9B21-7EBDE0637B71}.Release|Any CPU.ActiveCfg = Release|Any CPU
		{56546967-616C-4176-9B21-7EBDE0637B71}.Release|Any CPU.Build.0 = Release|Any CPU
		{56546967-616C-4176-9B21-7EBDE0637B71}.Release|x64.ActiveCfg = Release|Any CPU
		{56546967-616C-4176-9B21-7EBDE0637B71}.Release|x64.Build.0 = Release|Any CPU
		{56546967-616C-4176-9B21-7EBDE0637B71}.Release|x86.ActiveCfg = Release|Any CPU
		{56546967-616C-4176-9B21-7EBDE0637B71}.Release|x86.Build.0 = Release|Any CPU
		{D47651F5-9B35-4A74-AE5D-06A686AB35E4}.Debug|Any CPU.ActiveCfg = Debug|Any CPU
		{D47651F5-9B35-4A74-AE5D-06A686AB35E4}.Debug|Any CPU.Build.0 = Debug|Any CPU
		{D47651F5-9B35-4A74-AE5D-06A686AB35E4}.Debug|x64.ActiveCfg = Debug|Any CPU
		{D47651F5-9B35-4A74-AE5D-06A686AB35E4}.Debug|x64.Build.0 = Debug|Any CPU
		{D47651F5-9B35-4A74-AE5D-06A686AB35E4}.Debug|x86.ActiveCfg = Debug|Any CPU
		{D47651F5-9B35-4A74-AE5D-06A686AB35E4}.Debug|x86.Build.0 = Debug|Any CPU
		{D47651F5-9B35-4A74-AE5D-06A686AB35E4}.Release|Any CPU.ActiveCfg = Release|Any CPU
		{D47651F5-9B35-4A74-AE5D-06A686AB35E4}.Release|Any CPU.Build.0 = Release|Any CPU
		{D47651F5-9B35-4A74-AE5D-06A686AB35E4}.Release|x64.ActiveCfg = Release|Any CPU
		{D47651F5-9B35-4A74-AE5D-06A686AB35E4}.Release|x64.Build.0 = Release|Any CPU
		{D47651F5-9B35-4A74-AE5D-06A686AB35E4}.Release|x86.ActiveCfg = Release|Any CPU
		{D47651F5-9B35-4A74-AE5D-06A686AB35E4}.Release|x86.Build.0 = Release|Any CPU
		{D088B869-EF78-4A83-A7C3-A85B3CEDBA2F}.Debug|Any CPU.ActiveCfg = Debug|Any CPU
		{D088B869-EF78-4A83-A7C3-A85B3CEDBA2F}.Debug|Any CPU.Build.0 = Debug|Any CPU
		{D088B869-EF78-4A83-A7C3-A85B3CEDBA2F}.Debug|x64.ActiveCfg = Debug|Any CPU
		{D088B869-EF78-4A83-A7C3-A85B3CEDBA2F}.Debug|x64.Build.0 = Debug|Any CPU
		{D088B869-EF78-4A83-A7C3-A85B3CEDBA2F}.Debug|x86.ActiveCfg = Debug|Any CPU
		{D088B869-EF78-4A83-A7C3-A85B3CEDBA2F}.Debug|x86.Build.0 = Debug|Any CPU
		{D088B869-EF78-4A83-A7C3-A85B3CEDBA2F}.Release|Any CPU.ActiveCfg = Release|Any CPU
		{D088B869-EF78-4A83-A7C3-A85B3CEDBA2F}.Release|Any CPU.Build.0 = Release|Any CPU
		{D088B869-EF78-4A83-A7C3-A85B3CEDBA2F}.Release|x64.ActiveCfg = Release|Any CPU
		{D088B869-EF78-4A83-A7C3-A85B3CEDBA2F}.Release|x64.Build.0 = Release|Any CPU
		{D088B869-EF78-4A83-A7C3-A85B3CEDBA2F}.Release|x86.ActiveCfg = Release|Any CPU
		{D088B869-EF78-4A83-A7C3-A85B3CEDBA2F}.Release|x86.Build.0 = Release|Any CPU
		{F66F733F-0E86-4134-8B7C-0787FCB11526}.Debug|Any CPU.ActiveCfg = Debug|Any CPU
		{F66F733F-0E86-4134-8B7C-0787FCB11526}.Debug|Any CPU.Build.0 = Debug|Any CPU
		{F66F733F-0E86-4134-8B7C-0787FCB11526}.Debug|x64.ActiveCfg = Debug|Any CPU
		{F66F733F-0E86-4134-8B7C-0787FCB11526}.Debug|x64.Build.0 = Debug|Any CPU
		{F66F733F-0E86-4134-8B7C-0787FCB11526}.Debug|x86.ActiveCfg = Debug|Any CPU
		{F66F733F-0E86-4134-8B7C-0787FCB11526}.Debug|x86.Build.0 = Debug|Any CPU
		{F66F733F-0E86-4134-8B7C-0787FCB11526}.Release|Any CPU.ActiveCfg = Release|Any CPU
		{F66F733F-0E86-4134-8B7C-0787FCB11526}.Release|Any CPU.Build.0 = Release|Any CPU
		{F66F733F-0E86-4134-8B7C-0787FCB11526}.Release|x64.ActiveCfg = Release|Any CPU
		{F66F733F-0E86-4134-8B7C-0787FCB11526}.Release|x64.Build.0 = Release|Any CPU
		{F66F733F-0E86-4134-8B7C-0787FCB11526}.Release|x86.ActiveCfg = Release|Any CPU
		{F66F733F-0E86-4134-8B7C-0787FCB11526}.Release|x86.Build.0 = Release|Any CPU
		{47C3991F-696B-489A-A64E-9814B5FB392E}.Debug|Any CPU.ActiveCfg = Debug|Any CPU
		{47C3991F-696B-489A-A64E-9814B5FB392E}.Debug|Any CPU.Build.0 = Debug|Any CPU
		{47C3991F-696B-489A-A64E-9814B5FB392E}.Debug|x64.ActiveCfg = Debug|Any CPU
		{47C3991F-696B-489A-A64E-9814B5FB392E}.Debug|x64.Build.0 = Debug|Any CPU
		{47C3991F-696B-489A-A64E-9814B5FB392E}.Debug|x86.ActiveCfg = Debug|Any CPU
		{47C3991F-696B-489A-A64E-9814B5FB392E}.Debug|x86.Build.0 = Debug|Any CPU
		{47C3991F-696B-489A-A64E-9814B5FB392E}.Release|Any CPU.ActiveCfg = Release|Any CPU
		{47C3991F-696B-489A-A64E-9814B5FB392E}.Release|Any CPU.Build.0 = Release|Any CPU
		{47C3991F-696B-489A-A64E-9814B5FB392E}.Release|x64.ActiveCfg = Release|Any CPU
		{47C3991F-696B-489A-A64E-9814B5FB392E}.Release|x64.Build.0 = Release|Any CPU
		{47C3991F-696B-489A-A64E-9814B5FB392E}.Release|x86.ActiveCfg = Release|Any CPU
		{47C3991F-696B-489A-A64E-9814B5FB392E}.Release|x86.Build.0 = Release|Any CPU
		{1E5720F8-52EB-4102-BD82-6D2A7694A731}.Debug|Any CPU.ActiveCfg = Debug|Any CPU
		{1E5720F8-52EB-4102-BD82-6D2A7694A731}.Debug|Any CPU.Build.0 = Debug|Any CPU
		{1E5720F8-52EB-4102-BD82-6D2A7694A731}.Debug|x64.ActiveCfg = Debug|Any CPU
		{1E5720F8-52EB-4102-BD82-6D2A7694A731}.Debug|x64.Build.0 = Debug|Any CPU
		{1E5720F8-52EB-4102-BD82-6D2A7694A731}.Debug|x86.ActiveCfg = Debug|Any CPU
		{1E5720F8-52EB-4102-BD82-6D2A7694A731}.Debug|x86.Build.0 = Debug|Any CPU
		{1E5720F8-52EB-4102-BD82-6D2A7694A731}.Release|Any CPU.ActiveCfg = Release|Any CPU
		{1E5720F8-52EB-4102-BD82-6D2A7694A731}.Release|Any CPU.Build.0 = Release|Any CPU
		{1E5720F8-52EB-4102-BD82-6D2A7694A731}.Release|x64.ActiveCfg = Release|Any CPU
		{1E5720F8-52EB-4102-BD82-6D2A7694A731}.Release|x64.Build.0 = Release|Any CPU
		{1E5720F8-52EB-4102-BD82-6D2A7694A731}.Release|x86.ActiveCfg = Release|Any CPU
		{1E5720F8-52EB-4102-BD82-6D2A7694A731}.Release|x86.Build.0 = Release|Any CPU
	EndGlobalSection
	GlobalSection(SolutionProperties) = preSolution
		HideSolutionNode = FALSE
	EndGlobalSection
	GlobalSection(NestedProjects) = preSolution
		{CE2F8471-0ECB-4209-B33B-37609D91A77D} = {827E0CD3-B72D-47B6-A68D-7590B98EB39B}
		{104544AF-7902-4B9C-9499-8B32BAE8456B} = {0AB3BF05-4346-4AA6-1389-037BE0695223}
		{56546967-616C-4176-9B21-7EBDE0637B71} = {827E0CD3-B72D-47B6-A68D-7590B98EB39B}
		{D47651F5-9B35-4A74-AE5D-06A686AB35E4} = {827E0CD3-B72D-47B6-A68D-7590B98EB39B}
		{D088B869-EF78-4A83-A7C3-A85B3CEDBA2F} = {827E0CD3-B72D-47B6-A68D-7590B98EB39B}
		{F66F733F-0E86-4134-8B7C-0787FCB11526} = {827E0CD3-B72D-47B6-A68D-7590B98EB39B}
		{47C3991F-696B-489A-A64E-9814B5FB392E} = {0AB3BF05-4346-4AA6-1389-037BE0695223}
		{1E5720F8-52EB-4102-BD82-6D2A7694A731} = {0AB3BF05-4346-4AA6-1389-037BE0695223}
	EndGlobalSection
EndGlobal
