
Microsoft Visual Studio Solution File, Format Version 12.00
# Visual Studio Version 17
VisualStudioVersion = 17.0.31903.59
MinimumVisualStudioVersion = 10.0.40219.1
Project("{2150E333-8FDC-42A3-9474-1A3956D46DE8}") = "src", "src", "{827E0CD3-B72D-47B6-A68D-7590B98EB39B}"
EndProject
Project("{FAE04EC0-301F-11D3-BF4B-00C04F79EFBC}") = "Marap.Pulse.Domain", "src\Marap.Pulse.Domain\Marap.Pulse.Domain.csproj", "{CE2F8471-0ECB-4209-B33B-37609D91A77D}"
EndProject
Project("{2150E333-8FDC-42A3-9474-1A3956D46DE8}") = "tests", "tests", "{0AB3BF05-4346-4AA6-1389-037BE0695223}"
EndProject
Project("{FAE04EC0-301F-11D3-BF4B-00C04F79EFBC}") = "Marap.Pulse.Domain.Tests", "tests\Marap.Pulse.Domain.Tests\Marap.Pulse.Domain.Tests.csproj", "{104544AF-7902-4B9C-9499-8B32BAE8456B}"
EndProject
Global
	GlobalSection(SolutionConfigurationPlatforms) = preSolution
		Debug|Any CPU = Debug|Any CPU
		Debug|x64 = Debug|x64
		Debug|x86 = Debug|x86
		Release|Any CPU = Release|Any CPU
		Release|x64 = Release|x64
		Release|x86 = Release|x86
	EndGlobalSection
	GlobalSection(ProjectConfigurationPlatforms) = postSolution
		{CE2F8471-0ECB-4209-B33B-37609D91A77D}.Debug|Any CPU.ActiveCfg = Debug|Any CPU
		{CE2F8471-0ECB-4209-B33B-37609D91A77D}.Debug|Any CPU.Build.0 = Debug|Any CPU
		{CE2F8471-0ECB-4209-B33B-37609D91A77D}.Debug|x64.ActiveCfg = Debug|Any CPU
		{CE2F8471-0ECB-4209-B33B-37609D91A77D}.Debug|x64.Build.0 = Debug|Any CPU
		{CE2F8471-0ECB-4209-B33B-37609D91A77D}.Debug|x86.ActiveCfg = Debug|Any CPU
		{CE2F8471-0ECB-4209-B33B-37609D91A77D}.Debug|x86.Build.0 = Debug|Any CPU
		{CE2F8471-0ECB-4209-B33B-37609D91A77D}.Release|Any CPU.ActiveCfg = Release|Any CPU
		{CE2F8471-0ECB-4209-B33B-37609D91A77D}.Release|Any CPU.Build.0 = Release|Any CPU
		{CE2F8471-0ECB-4209-B33B-37609D91A77D}.Release|x64.ActiveCfg = Release|Any CPU
		{CE2F8471-0ECB-4209-B33B-37609D91A77D}.Release|x64.Build.0 = Release|Any CPU
		{CE2F8471-0ECB-4209-B33B-37609D91A77D}.Release|x86.ActiveCfg = Release|Any CPU
		{CE2F8471-0ECB-4209-B33B-37609D91A77D}.Release|x86.Build.0 = Release|Any CPU
		{104544AF-7902-4B9C-9499-8B32BAE8456B}.Debug|Any CPU.ActiveCfg = Debug|Any CPU
		{104544AF-7902-4B9C-9499-8B32BAE8456B}.Debug|Any CPU.Build.0 = Debug|Any CPU
		{104544AF-7902-4B9C-9499-8B32BAE8456B}.Debug|x64.ActiveCfg = Debug|Any CPU
		{104544AF-7902-4B9C-9499-8B32BAE8456B}.Debug|x64.Build.0 = Debug|Any CPU
		{104544AF-7902-4B9C-9499-8B32BAE8456B}.Debug|x86.ActiveCfg = Debug|Any CPU
		{104544AF-7902-4B9C-9499-8B32BAE8456B}.Debug|x86.Build.0 = Debug|Any CPU
		{104544AF-7902-4B9C-9499-8B32BAE8456B}.Release|Any CPU.ActiveCfg = Release|Any CPU
		{104544AF-7902-4B9C-9499-8B32BAE8456B}.Release|Any CPU.Build.0 = Release|Any CPU
		{104544AF-7902-4B9C-9499-8B32BAE8456B}.Release|x64.ActiveCfg = Release|Any CPU
		{104544AF-7902-4B9C-9499-8B32BAE8456B}.Release|x64.Build.0 = Release|Any CPU
		{104544AF-7902-4B9C-9499-8B32BAE8456B}.Release|x86.ActiveCfg = Release|Any CPU
		{104544AF-7902-4B9C-9499-8B32BAE8456B}.Release|x86.Build.0 = Release|Any CPU
	EndGlobalSection
	GlobalSection(SolutionProperties) = preSolution
		HideSolutionNode = FALSE
	EndGlobalSection
	GlobalSection(NestedProjects) = preSolution
		{CE2F8471-0ECB-4209-B33B-37609D91A77D} = {827E0CD3-B72D-47B6-A68D-7590B98EB39B}
		{104544AF-7902-4B9C-9499-8B32BAE8456B} = {0AB3BF05-4346-4AA6-1389-037BE0695223}
	EndGlobalSection
EndGlobal
